// !$*UTF8*$!
{
	archiveVersion = 1;
	classes = {
	};
	objectVersion = 56;
	objects = {

/* Begin PBXBuildFile section */
		14F6CD902ADE7A9D00DE6B18 /* SwiftDataPreviewApp.swift in Sources */ = {isa = PBXBuildFile; fileRef = 14F6CD8F2ADE7A9D00DE6B18 /* SwiftDataPreviewApp.swift */; };
		14F6CD922ADE7A9D00DE6B18 /* ContentView.swift in Sources */ = {isa = PBXBuildFile; fileRef = 14F6CD912ADE7A9D00DE6B18 /* ContentView.swift */; };
		14F6CD962ADE7A9E00DE6B18 /* Assets.xcassets in Resources */ = {isa = PBXBuildFile; fileRef = 14F6CD952ADE7A9E00DE6B18 /* Assets.xcassets */; };
		14F6CD992ADE7A9E00DE6B18 /* Preview Assets.xcassets in Resources */ = {isa = PBXBuildFile; fileRef = 14F6CD982ADE7A9E00DE6B18 /* Preview Assets.xcassets */; };
		14F6CDA22ADE7ADC00DE6B18 /* Spaceship.swift in Sources */ = {isa = PBXBuildFile; fileRef = 14F6CDA12ADE7ADC00DE6B18 /* Spaceship.swift */; };
		14F6CDA42ADE7B0500DE6B18 /* SpaceshipPart.swift in Sources */ = {isa = PBXBuildFile; fileRef = 14F6CDA32ADE7B0500DE6B18 /* SpaceshipPart.swift */; };
		14F6CDA72ADE7B5000DE6B18 /* DataController.swift in Sources */ = {isa = PBXBuildFile; fileRef = 14F6CDA62ADE7B5000DE6B18 /* DataController.swift */; };
		14F6CDAA2ADE7BAD00DE6B18 /* SpaceshipView.swift in Sources */ = {isa = PBXBuildFile; fileRef = 14F6CDA92ADE7BAD00DE6B18 /* SpaceshipView.swift */; };
		14F6CDAC2ADE91F800DE6B18 /* LICENSE in Resources */ = {isa = PBXBuildFile; fileRef = 14F6CDAB2ADE91F800DE6B18 /* LICENSE */; };
		14F6CDAE2ADE921700DE6B18 /* README.md in Resources */ = {isa = PBXBuildFile; fileRef = 14F6CDAD2ADE921700DE6B18 /* README.md */; };
/* End PBXBuildFile section */

/* Begin PBXFileReference section */
		14F6CD8C2ADE7A9D00DE6B18 /* SwiftDataPreview.app */ = {isa = PBXFileReference; explicitFileType = wrapper.application; includeInIndex = 0; path = SwiftDataPreview.app; sourceTree = BUILT_PRODUCTS_DIR; };
		14F6CD8F2ADE7A9D00DE6B18 /* SwiftDataPreviewApp.swift */ = {isa = PBXFileReference; lastKnownFileType = sourcecode.swift; path = SwiftDataPreviewApp.swift; sourceTree = "<group>"; };
		14F6CD912ADE7A9D00DE6B18 /* ContentView.swift */ = {isa = PBXFileReference; lastKnownFileType = sourcecode.swift; path = ContentView.swift; sourceTree = "<group>"; };
		14F6CD952ADE7A9E00DE6B18 /* Assets.xcassets */ = {isa = PBXFileReference; lastKnownFileType = folder.assetcatalog; path = Assets.xcassets; sourceTree = "<group>"; };
		14F6CD982ADE7A9E00DE6B18 /* Preview Assets.xcassets */ = {isa = PBXFileReference; lastKnownFileType = folder.assetcatalog; path = "Preview Assets.xcassets"; sourceTree = "<group>"; };
		14F6CD9A2ADE7A9E00DE6B18 /* SwiftDataPreview.entitlements */ = {isa = PBXFileReference; lastKnownFileType = text.plist.entitlements; path = SwiftDataPreview.entitlements; sourceTree = "<group>"; };
		14F6CDA12ADE7ADC00DE6B18 /* Spaceship.swift */ = {isa = PBXFileReference; lastKnownFileType = sourcecode.swift; path = Spaceship.swift; sourceTree = "<group>"; };
		14F6CDA32ADE7B0500DE6B18 /* SpaceshipPart.swift */ = {isa = PBXFileReference; lastKnownFileType = sourcecode.swift; path = SpaceshipPart.swift; sourceTree = "<group>"; };
		14F6CDA62ADE7B5000DE6B18 /* DataController.swift */ = {isa = PBXFileReference; lastKnownFileType = sourcecode.swift; path = DataController.swift; sourceTree = "<group>"; };
		14F6CDA92ADE7BAD00DE6B18 /* SpaceshipView.swift */ = {isa = PBXFileReference; lastKnownFileType = sourcecode.swift; path = SpaceshipView.swift; sourceTree = "<group>"; };
		14F6CDAB2ADE91F800DE6B18 /* LICENSE */ = {isa = PBXFileReference; lastKnownFileType = text; path = LICENSE; sourceTree = "<group>"; };
		14F6CDAD2ADE921700DE6B18 /* README.md */ = {isa = PBXFileReference; lastKnownFileType = net.daringfireball.markdown; path = README.md; sourceTree = "<group>"; };
/* End PBXFileReference section */

/* Begin PBXFrameworksBuildPhase section */
		14F6CD892ADE7A9D00DE6B18 /* Frameworks */ = {
			isa = PBXFrameworksBuildPhase;
			buildActionMask = 2147483647;
			files = (
			);
			runOnlyForDeploymentPostprocessing = 0;
		};
/* End PBXFrameworksBuildPhase section */

/* Begin PBXGroup section */
		14F6CD832ADE7A9D00DE6B18 = {
			isa = PBXGroup;
			children = (
				14F6CDAD2ADE921700DE6B18 /* README.md */,
				14F6CDAB2ADE91F800DE6B18 /* LICENSE */,
				14F6CD8E2ADE7A9D00DE6B18 /* SwiftDataPreview */,
				14F6CD8D2ADE7A9D00DE6B18 /* Products */,
			);
			sourceTree = "<group>";
		};
		14F6CD8D2ADE7A9D00DE6B18 /* Products */ = {
			isa = PBXGroup;
			children = (
				14F6CD8C2ADE7A9D00DE6B18 /* SwiftDataPreview.app */,
			);
			name = Products;
			sourceTree = "<group>";
		};
		14F6CD8E2ADE7A9D00DE6B18 /* SwiftDataPreview */ = {
			isa = PBXGroup;
			children = (
				14F6CDA82ADE7B9C00DE6B18 /* Views */,
				14F6CDA52ADE7B4200DE6B18 /* Data */,
				14F6CDA02ADE7AB400DE6B18 /* Model */,
				14F6CD8F2ADE7A9D00DE6B18 /* SwiftDataPreviewApp.swift */,
				14F6CD952ADE7A9E00DE6B18 /* Assets.xcassets */,
				14F6CD9A2ADE7A9E00DE6B18 /* SwiftDataPreview.entitlements */,
				14F6CD972ADE7A9E00DE6B18 /* Preview Content */,
			);
			path = SwiftDataPreview;
			sourceTree = "<group>";
		};
		14F6CD972ADE7A9E00DE6B18 /* Preview Content */ = {
			isa = PBXGroup;
			children = (
				14F6CD982ADE7A9E00DE6B18 /* Preview Assets.xcassets */,
			);
			path = "Preview Content";
			sourceTree = "<group>";
		};
		14F6CDA02ADE7AB400DE6B18 /* Model */ = {
			isa = PBXGroup;
			children = (
				14F6CDA12ADE7ADC00DE6B18 /* Spaceship.swift */,
				14F6CDA32ADE7B0500DE6B18 /* SpaceshipPart.swift */,
			);
			path = Model;
			sourceTree = "<group>";
		};
		14F6CDA52ADE7B4200DE6B18 /* Data */ = {
			isa = PBXGroup;
			children = (
				14F6CDA62ADE7B5000DE6B18 /* DataController.swift */,
			);
			path = Data;
			sourceTree = "<group>";
		};
		14F6CDA82ADE7B9C00DE6B18 /* Views */ = {
			isa = PBXGroup;
			children = (
				14F6CDA92ADE7BAD00DE6B18 /* SpaceshipView.swift */,
				14F6CD912ADE7A9D00DE6B18 /* ContentView.swift */,
			);
			path = Views;
			sourceTree = "<group>";
		};
/* End PBXGroup section */

/* Begin PBXNativeTarget section */
		14F6CD8B2ADE7A9D00DE6B18 /* SwiftDataPreview */ = {
			isa = PBXNativeTarget;
			buildConfigurationList = 14F6CD9D2ADE7A9E00DE6B18 /* Build configuration list for PBXNativeTarget "SwiftDataPreview" */;
			buildPhases = (
				14F6CD882ADE7A9D00DE6B18 /* Sources */,
				14F6CD892ADE7A9D00DE6B18 /* Frameworks */,
				14F6CD8A2ADE7A9D00DE6B18 /* Resources */,
			);
			buildRules = (
			);
			dependencies = (
			);
			name = SwiftDataPreview;
			productName = SwiftDataPreview;
			productReference = 14F6CD8C2ADE7A9D00DE6B18 /* SwiftDataPreview.app */;
			productType = "com.apple.product-type.application";
		};
/* End PBXNativeTarget section */

/* Begin PBXProject section */
		14F6CD842ADE7A9D00DE6B18 /* Project object */ = {
			isa = PBXProject;
			attributes = {
				BuildIndependentTargetsInParallel = 1;
				LastSwiftUpdateCheck = 1500;
				LastUpgradeCheck = 1500;
				TargetAttributes = {
					14F6CD8B2ADE7A9D00DE6B18 = {
						CreatedOnToolsVersion = 15.0;
					};
				};
			};
			buildConfigurationList = 14F6CD872ADE7A9D00DE6B18 /* Build configuration list for PBXProject "SwiftDataPreview" */;
			compatibilityVersion = "Xcode 14.0";
			developmentRegion = en;
			hasScannedForEncodings = 0;
			knownRegions = (
				en,
				Base,
			);
			mainGroup = 14F6CD832ADE7A9D00DE6B18;
			productRefGroup = 14F6CD8D2ADE7A9D00DE6B18 /* Products */;
			projectDirPath = "";
			projectRoot = "";
			targets = (
				14F6CD8B2ADE7A9D00DE6B18 /* SwiftDataPreview */,
			);
		};
/* End PBXProject section */

/* Begin PBXResourcesBuildPhase section */
		14F6CD8A2ADE7A9D00DE6B18 /* Resources */ = {
			isa = PBXResourcesBuildPhase;
			buildActionMask = 2147483647;
			files = (
				14F6CDAC2ADE91F800DE6B18 /* LICENSE in Resources */,
				14F6CD992ADE7A9E00DE6B18 /* Preview Assets.xcassets in Resources */,
				14F6CDAE2ADE921700DE6B18 /* README.md in Resources */,
				14F6CD962ADE7A9E00DE6B18 /* Assets.xcassets in Resources */,
			);
			runOnlyForDeploymentPostprocessing = 0;
		};
/* End PBXResourcesBuildPhase section */

/* Begin PBXSourcesBuildPhase section */
		14F6CD882ADE7A9D00DE6B18 /* Sources */ = {
			isa = PBXSourcesBuildPhase;
			buildActionMask = 2147483647;
			files = (
				14F6CD922ADE7A9D00DE6B18 /* ContentView.swift in Sources */,
				14F6CDAA2ADE7BAD00DE6B18 /* SpaceshipView.swift in Sources */,
				14F6CDA72ADE7B5000DE6B18 /* DataController.swift in Sources */,
				14F6CDA22ADE7ADC00DE6B18 /* Spaceship.swift in Sources */,
				14F6CD902ADE7A9D00DE6B18 /* SwiftDataPreviewApp.swift in Sources */,
				14F6CDA42ADE7B0500DE6B18 /* SpaceshipPart.swift in Sources */,
			);
			runOnlyForDeploymentPostprocessing = 0;
		};
/* End PBXSourcesBuildPhase section */

/* Begin XCBuildConfiguration section */
		14F6CD9B2ADE7A9E00DE6B18 /* Debug */ = {
			isa = XCBuildConfiguration;
			buildSettings = {
				ALWAYS_SEARCH_USER_PATHS = NO;
				ASSETCATALOG_COMPILER_GENERATE_SWIFT_ASSET_SYMBOL_EXTENSIONS = YES;
				CLANG_ANALYZER_NONNULL = YES;
				CLANG_ANALYZER_NUMBER_OBJECT_CONVERSION = YES_AGGRESSIVE;
				CLANG_CXX_LANGUAGE_STANDARD = "gnu++20";
				CLANG_ENABLE_MODULES = YES;
				CLANG_ENABLE_OBJC_ARC = YES;
				CLANG_ENABLE_OBJC_WEAK = YES;
				CLANG_WARN_BLOCK_CAPTURE_AUTORELEASING = YES;
				CLANG_WARN_BOOL_CONVERSION = YES;
				CLANG_WARN_COMMA = YES;
				CLANG_WARN_CONSTANT_CONVERSION = YES;
				CLANG_WARN_DEPRECATED_OBJC_IMPLEMENTATIONS = YES;
				CLANG_WARN_DIRECT_OBJC_ISA_USAGE = YES_ERROR;
				CLANG_WARN_DOCUMENTATION_COMMENTS = YES;
				CLANG_WARN_EMPTY_BODY = YES;
				CLANG_WARN_ENUM_CONVERSION = YES;
				CLANG_WARN_INFINITE_RECURSION = YES;
				CLANG_WARN_INT_CONVERSION = YES;
				CLANG_WARN_NON_LITERAL_NULL_CONVERSION = YES;
				CLANG_WARN_OBJC_IMPLICIT_RETAIN_SELF = YES;
				CLANG_WARN_OBJC_LITERAL_CONVERSION = YES;
				CLANG_WARN_OBJC_ROOT_CLASS = YES_ERROR;
				CLANG_WARN_QUOTED_INCLUDE_IN_FRAMEWORK_HEADER = YES;
				CLANG_WARN_RANGE_LOOP_ANALYSIS = YES;
				CLANG_WARN_STRICT_PROTOTYPES = YES;
				CLANG_WARN_SUSPICIOUS_MOVE = YES;
				CLANG_WARN_UNGUARDED_AVAILABILITY = YES_AGGRESSIVE;
				CLANG_WARN_UNREACHABLE_CODE = YES;
				CLANG_WARN__DUPLICATE_METHOD_MATCH = YES;
				COPY_PHASE_STRIP = NO;
				DEBUG_INFORMATION_FORMAT = dwarf;
				ENABLE_STRICT_OBJC_MSGSEND = YES;
				ENABLE_TESTABILITY = YES;
				ENABLE_USER_SCRIPT_SANDBOXING = YES;
				GCC_C_LANGUAGE_STANDARD = gnu17;
				GCC_DYNAMIC_NO_PIC = NO;
				GCC_NO_COMMON_BLOCKS = YES;
				GCC_OPTIMIZATION_LEVEL = 0;
				GCC_PREPROCESSOR_DEFINITIONS = (
					"DEBUG=1",
					"$(inherited)",
				);
				GCC_WARN_64_TO_32_BIT_CONVERSION = YES;
				GCC_WARN_ABOUT_RETURN_TYPE = YES_ERROR;
				GCC_WARN_UNDECLARED_SELECTOR = YES;
				GCC_WARN_UNINITIALIZED_AUTOS = YES_AGGRESSIVE;
				GCC_WARN_UNUSED_FUNCTION = YES;
				GCC_WARN_UNUSED_VARIABLE = YES;
				LOCALIZATION_PREFERS_STRING_CATALOGS = YES;
				MACOSX_DEPLOYMENT_TARGET = 14.0;
				MTL_ENABLE_DEBUG_INFO = INCLUDE_SOURCE;
				MTL_FAST_MATH = YES;
				ONLY_ACTIVE_ARCH = YES;
				SDKROOT = macosx;
				SWIFT_ACTIVE_COMPILATION_CONDITIONS = "DEBUG $(inherited)";
				SWIFT_OPTIMIZATION_LEVEL = "-Onone";
			};
			name = Debug;
		};
		14F6CD9C2ADE7A9E00DE6B18 /* Release */ = {
			isa = XCBuildConfiguration;
			buildSettings = {
				ALWAYS_SEARCH_USER_PATHS = NO;
				ASSETCATALOG_COMPILER_GENERATE_SWIFT_ASSET_SYMBOL_EXTENSIONS = YES;
				CLANG_ANALYZER_NONNULL = YES;
				CLANG_ANALYZER_NUMBER_OBJECT_CONVERSION = YES_AGGRESSIVE;
				CLANG_CXX_LANGUAGE_STANDARD = "gnu++20";
				CLANG_ENABLE_MODULES = YES;
				CLANG_ENABLE_OBJC_ARC = YES;
				CLANG_ENABLE_OBJC_WEAK = YES;
				CLANG_WARN_BLOCK_CAPTURE_AUTORELEASING = YES;
				CLANG_WARN_BOOL_CONVERSION = YES;
				CLANG_WARN_COMMA = YES;
				CLANG_WARN_CONSTANT_CONVERSION = YES;
				CLANG_WARN_DEPRECATED_OBJC_IMPLEMENTATIONS = YES;
				CLANG_WARN_DIRECT_OBJC_ISA_USAGE = YES_ERROR;
				CLANG_WARN_DOCUMENTATION_COMMENTS = YES;
				CLANG_WARN_EMPTY_BODY = YES;
				CLANG_WARN_ENUM_CONVERSION = YES;
				CLANG_WARN_INFINITE_RECURSION = YES;
				CLANG_WARN_INT_CONVERSION = YES;
				CLANG_WARN_NON_LITERAL_NULL_CONVERSION = YES;
				CLANG_WARN_OBJC_IMPLICIT_RETAIN_SELF = YES;
				CLANG_WARN_OBJC_LITERAL_CONVERSION = YES;
				CLANG_WARN_OBJC_ROOT_CLASS = YES_ERROR;
				CLANG_WARN_QUOTED_INCLUDE_IN_FRAMEWORK_HEADER = YES;
				CLANG_WARN_RANGE_LOOP_ANALYSIS = YES;
				CLANG_WARN_STRICT_PROTOTYPES = YES;
				CLANG_WARN_SUSPICIOUS_MOVE = YES;
				CLANG_WARN_UNGUARDED_AVAILABILITY = YES_AGGRESSIVE;
				CLANG_WARN_UNREACHABLE_CODE = YES;
				CLANG_WARN__DUPLICATE_METHOD_MATCH = YES;
				COPY_PHASE_STRIP = NO;
				DEBUG_INFORMATION_FORMAT = "dwarf-with-dsym";
				ENABLE_NS_ASSERTIONS = NO;
				ENABLE_STRICT_OBJC_MSGSEND = YES;
				ENABLE_USER_SCRIPT_SANDBOXING = YES;
				GCC_C_LANGUAGE_STANDARD = gnu17;
				GCC_NO_COMMON_BLOCKS = YES;
				GCC_WARN_64_TO_32_BIT_CONVERSION = YES;
				GCC_WARN_ABOUT_RETURN_TYPE = YES_ERROR;
				GCC_WARN_UNDECLARED_SELECTOR = YES;
				GCC_WARN_UNINITIALIZED_AUTOS = YES_AGGRESSIVE;
				GCC_WARN_UNUSED_FUNCTION = YES;
				GCC_WARN_UNUSED_VARIABLE = YES;
				LOCALIZATION_PREFERS_STRING_CATALOGS = YES;
				MACOSX_DEPLOYMENT_TARGET = 14.0;
				MTL_ENABLE_DEBUG_INFO = NO;
				MTL_FAST_MATH = YES;
				SDKROOT = macosx;
				SWIFT_COMPILATION_MODE = wholemodule;
			};
			name = Release;
		};
		14F6CD9E2ADE7A9E00DE6B18 /* Debug */ = {
			isa = XCBuildConfiguration;
			buildSettings = {
				ASSETCATALOG_COMPILER_APPICON_NAME = AppIcon;
				ASSETCATALOG_COMPILER_GLOBAL_ACCENT_COLOR_NAME = AccentColor;
				CODE_SIGN_ENTITLEMENTS = SwiftDataPreview/SwiftDataPreview.entitlements;
				CODE_SIGN_STYLE = Automatic;
				COMBINE_HIDPI_IMAGES = YES;
				CURRENT_PROJECT_VERSION = 1;
				DEVELOPMENT_ASSET_PATHS = "\"SwiftDataPreview/Preview Content\"";
				DEVELOPMENT_TEAM = MZWR5UQAAN;
				ENABLE_HARDENED_RUNTIME = YES;
				ENABLE_PREVIEWS = YES;
				GENERATE_INFOPLIST_FILE = YES;
				INFOPLIST_KEY_NSHumanReadableCopyright = "";
				LD_RUNPATH_SEARCH_PATHS = (
					"$(inherited)",
					"@executable_path/../Frameworks",
				);
				MACOSX_DEPLOYMENT_TARGET = 14.0;
				MARKETING_VERSION = 1.0;
				PRODUCT_BUNDLE_IDENTIFIER = app.spacematic.SwiftDataPreview;
				PRODUCT_NAME = "$(TARGET_NAME)";
				SWIFT_EMIT_LOC_STRINGS = YES;
				SWIFT_VERSION = 5.0;
			};
			name = Debug;
		};
		14F6CD9F2ADE7A9E00DE6B18 /* Release */ = {
			isa = XCBuildConfiguration;
			buildSettings = {
				ASSETCATALOG_COMPILER_APPICON_NAME = AppIcon;
				ASSETCATALOG_COMPILER_GLOBAL_ACCENT_COLOR_NAME = AccentColor;
				CODE_SIGN_ENTITLEMENTS = SwiftDataPreview/SwiftDataPreview.entitlements;
				CODE_SIGN_STYLE = Automatic;
				COMBINE_HIDPI_IMAGES = YES;
				CURRENT_PROJECT_VERSION = 1;
				DEVELOPMENT_ASSET_PATHS = "\"SwiftDataPreview/Preview Content\"";
				DEVELOPMENT_TEAM = MZWR5UQAAN;
				ENABLE_HARDENED_RUNTIME = YES;
				ENABLE_PREVIEWS = YES;
				GENERATE_INFOPLIST_FILE = YES;
				INFOPLIST_KEY_NSHumanReadableCopyright = "";
				LD_RUNPATH_SEARCH_PATHS = (
					"$(inherited)",
					"@executable_path/../Frameworks",
				);
				MACOSX_DEPLOYMENT_TARGET = 14.0;
				MARKETING_VERSION = 1.0;
				PRODUCT_BUNDLE_IDENTIFIER = app.spacematic.SwiftDataPreview;
				PRODUCT_NAME = "$(TARGET_NAME)";
				SWIFT_EMIT_LOC_STRINGS = YES;
				SWIFT_VERSION = 5.0;
			};
			name = Release;
		};
/* End XCBuildConfiguration section */

/* Begin XCConfigurationList section */
		14F6CD872ADE7A9D00DE6B18 /* Build configuration list for PBXProject "SwiftDataPreview" */ = {
			isa = XCConfigurationList;
			buildConfigurations = (
				14F6CD9B2ADE7A9E00DE6B18 /* Debug */,
				14F6CD9C2ADE7A9E00DE6B18 /* Release */,
			);
			defaultConfigurationIsVisible = 0;
			defaultConfigurationName = Release;
		};
		14F6CD9D2ADE7A9E00DE6B18 /* Build configuration list for PBXNativeTarget "SwiftDataPreview" */ = {
			isa = XCConfigurationList;
			buildConfigurations = (
				14F6CD9E2ADE7A9E00DE6B18 /* Debug */,
				14F6CD9F2ADE7A9E00DE6B18 /* Release */,
			);
			defaultConfigurationIsVisible = 0;
			defaultConfigurationName = Release;
		};
/* End XCConfigurationList section */
	};
	rootObject = 14F6CD842ADE7A9D00DE6B18 /* Project object */;
}
